
Microsoft Visual Studio Solution File, Format Version 12.00
# Visual Studio Version 16
VisualStudioVersion = 16.0.30413.136
MinimumVisualStudioVersion = 10.0.40219.1
Project("{FAE04EC0-301F-11D3-BF4B-00C04F79EFBC}") = "euler_simple_parallel", "euler_simple_parallel\euler_simple_parallel.csproj", "{2AC04909-A281-4128-B7A3-6DF7804D3B75}"
EndProject
Global
	GlobalSection(SolutionConfigurationPlatforms) = preSolution
		Debug|Any CPU = Debug|Any CPU
		Release|Any CPU = Release|Any CPU
	EndGlobalSection
	GlobalSection(ProjectConfigurationPlatforms) = postSolution
		{2AC04909-A281-4128-B7A3-6DF7804D3B75}.Debug|Any CPU.ActiveCfg = Debug|Any CPU
		{2AC04909-A281-4128-B7A3-6DF7804D3B75}.Debug|Any CPU.Build.0 = Debug|Any CPU
		{2AC04909-A281-4128-B7A3-6DF7804D3B75}.Release|Any CPU.ActiveCfg = Release|Any CPU
		{2AC04909-A281-4128-B7A3-6DF7804D3B75}.Release|Any CPU.Build.0 = Release|Any CPU
	EndGlobalSection
	GlobalSection(SolutionProperties) = preSolution
		HideSolutionNode = FALSE
	EndGlobalSection
	GlobalSection(ExtensibilityGlobals) = postSolution
		SolutionGuid = {AB069922-5435-4895-B8B1-E4B7BF20CA3D}
	EndGlobalSection
EndGlobal
